
Microsoft Visual Studio Solution File, Format Version 12.00
# Visual Studio Version 17
VisualStudioVersion = 17.9.34723.18
MinimumVisualStudioVersion = 10.0.40219.1
Project("{FAE04EC0-301F-11D3-BF4B-00C04F79EFBC}") = "lab_mvp", "lab_mvp\lab_mvp.csproj", "{73F8D904-BF21-466D-AD8C-B802B986688F}"
EndProject
Global
	GlobalSection(SolutionConfigurationPlatforms) = preSolution
		Debug|Any CPU = Debug|Any CPU
		Release|Any CPU = Release|Any CPU
	EndGlobalSection
	GlobalSection(ProjectConfigurationPlatforms) = postSolution
		{73F8D904-BF21-466D-AD8C-B802B986688F}.Debug|Any CPU.ActiveCfg = Debug|Any CPU
		{73F8D904-BF21-466D-AD8C-B802B986688F}.Debug|Any CPU.Build.0 = Debug|Any CPU
		{73F8D904-BF21-466D-AD8C-B802B986688F}.Release|Any CPU.ActiveCfg = Release|Any CPU
		{73F8D904-BF21-466D-AD8C-B802B986688F}.Release|Any CPU.Build.0 = Release|Any CPU
	EndGlobalSection
	GlobalSection(SolutionProperties) = preSolution
		HideSolutionNode = FALSE
	EndGlobalSection
	GlobalSection(ExtensibilityGlobals) = postSolution
		SolutionGuid = {69EE4A13-0BA0-42EC-BF47-D7A6BB718EBD}
	EndGlobalSection
EndGlobal
